
Microsoft Visual Studio Solution File, Format Version 12.00
# Visual Studio Version 17
VisualStudioVersion = 17.8.34511.84
MinimumVisualStudioVersion = 10.0.40219.1
Project("{FAE04EC0-301F-11D3-BF4B-00C04F79EFBC}") = "MediacApi", "MediacApi\MediacApi.csproj", "{F2BAF978-B557-478D-9F10-82B20A2E0422}"
EndProject
Global
	GlobalSection(SolutionConfigurationPlatforms) = preSolution
		Debug|Any CPU = Debug|Any CPU
		Release|Any CPU = Release|Any CPU
	EndGlobalSection
	GlobalSection(ProjectConfigurationPlatforms) = postSolution
		{F2BAF978-B557-478D-9F10-82B20A2E0422}.Debug|Any CPU.ActiveCfg = Debug|Any CPU
		{F2BAF978-B557-478D-9F10-82B20A2E0422}.Debug|Any CPU.Build.0 = Debug|Any CPU
		{F2BAF978-B557-478D-9F10-82B20A2E0422}.Release|Any CPU.ActiveCfg = Release|Any CPU
		{F2BAF978-B557-478D-9F10-82B20A2E0422}.Release|Any CPU.Build.0 = Release|Any CPU
	EndGlobalSection
	GlobalSection(SolutionProperties) = preSolution
		HideSolutionNode = FALSE
	EndGlobalSection
	GlobalSection(ExtensibilityGlobals) = postSolution
		SolutionGuid = {EA95C7F2-747A-4B07-9927-B81109AA6CD1}
	EndGlobalSection
EndGlobal
